
Microsoft Visual Studio Solution File, Format Version 12.00
# Visual Studio Version 16
VisualStudioVersion = 16.0.31019.35
MinimumVisualStudioVersion = 10.0.40219.1
Project("{FAE04EC0-301F-11D3-BF4B-00C04F79EFBC}") = "UnitTestAlgorithms", "UnitTestAlgorithms\UnitTestAlgorithms.csproj", "{A04FA9C6-15D7-4664-9974-8F22D6987F97}"
EndProject
Project("{FAE04EC0-301F-11D3-BF4B-00C04F79EFBC}") = "CodeAlgorithms", "CodeAlgorithms\CodeAlgorithms.csproj", "{3DE42676-EEBA-4465-9695-E84BA698D582}"
EndProject
Global
	GlobalSection(SolutionConfigurationPlatforms) = preSolution
		Debug|Any CPU = Debug|Any CPU
		Release|Any CPU = Release|Any CPU
	EndGlobalSection
	GlobalSection(ProjectConfigurationPlatforms) = postSolution
		{A04FA9C6-15D7-4664-9974-8F22D6987F97}.Debug|Any CPU.ActiveCfg = Debug|Any CPU
		{A04FA9C6-15D7-4664-9974-8F22D6987F97}.Debug|Any CPU.Build.0 = Debug|Any CPU
		{A04FA9C6-15D7-4664-9974-8F22D6987F97}.Release|Any CPU.ActiveCfg = Release|Any CPU
		{A04FA9C6-15D7-4664-9974-8F22D6987F97}.Release|Any CPU.Build.0 = Release|Any CPU
		{3DE42676-EEBA-4465-9695-E84BA698D582}.Debug|Any CPU.ActiveCfg = Debug|Any CPU
		{3DE42676-EEBA-4465-9695-E84BA698D582}.Debug|Any CPU.Build.0 = Debug|Any CPU
		{3DE42676-EEBA-4465-9695-E84BA698D582}.Release|Any CPU.ActiveCfg = Release|Any CPU
		{3DE42676-EEBA-4465-9695-E84BA698D582}.Release|Any CPU.Build.0 = Release|Any CPU
	EndGlobalSection
	GlobalSection(SolutionProperties) = preSolution
		HideSolutionNode = FALSE
	EndGlobalSection
	GlobalSection(ExtensibilityGlobals) = postSolution
		SolutionGuid = {5F96FA4A-43CF-4E8C-92FF-BC0551AB600C}
	EndGlobalSection
EndGlobal
